
Microsoft Visual Studio Solution File, Format Version 12.00
# Visual Studio Version 17
VisualStudioVersion = 17.9.34622.214
MinimumVisualStudioVersion = 10.0.40219.1
Project("{9A19103F-16F7-4668-BE54-9A1E7A4F7556}") = "MenuApi.Domain", "MenuApi.Domain\MenuApi.Domain.csproj", "{F2294F10-349B-4AFA-9D6C-755B928DBE47}"
EndProject
Project("{9A19103F-16F7-4668-BE54-9A1E7A4F7556}") = "MenuApi.Application", "MenuApi.Application\MenuApi.Application.csproj", "{A2F28F96-9128-47B8-8826-5CC90FA11A01}"
EndProject
Project("{9A19103F-16F7-4668-BE54-9A1E7A4F7556}") = "MenuApi.Infrastructure", "MenuApi.Infrastructure\MenuApi.Infrastructure.csproj", "{15BE0149-B9D7-4381-8EEC-FF54C9B9CF97}"
EndProject
Project("{9A19103F-16F7-4668-BE54-9A1E7A4F7556}") = "MenuApi.Presentation", "MenuApi.Presentation\MenuApi.Presentation.csproj", "{CC6DC856-F937-46E3-8E9F-D654C79C9CD1}"
EndProject
Project("{9A19103F-16F7-4668-BE54-9A1E7A4F7556}") = "ecommerce.SharedLibrary", "..\Ecommerce.SharedLibrarySolution\ecommerce.SharedLibrary\ecommerce.SharedLibrary.csproj", "{8172A48A-BF3C-4B2E-A9A7-BE1905C82A29}"
EndProject
Project("{2150E333-8FDC-42A3-9474-1A3956D46DE8}") = "test", "test", "{21E25F2B-61A0-4B4D-A607-A07D12E2396F}"
EndProject
Project("{2150E333-8FDC-42A3-9474-1A3956D46DE8}") = "src", "src", "{530CF896-79B4-4B7F-A02B-F5E14CADAA02}"
EndProject
Project("{FAE04EC0-301F-11D3-BF4B-00C04F79EFBC}") = "UnitTest.MenuApi", "UnitTest.MenuApi\UnitTest.MenuApi.csproj", "{4353576B-233E-4E92-A9AE-535A0EBC4995}"
EndProject
Global
	GlobalSection(SolutionConfigurationPlatforms) = preSolution
		Debug|Any CPU = Debug|Any CPU
		Release|Any CPU = Release|Any CPU
	EndGlobalSection
	GlobalSection(ProjectConfigurationPlatforms) = postSolution
		{F2294F10-349B-4AFA-9D6C-755B928DBE47}.Debug|Any CPU.ActiveCfg = Debug|Any CPU
		{F2294F10-349B-4AFA-9D6C-755B928DBE47}.Debug|Any CPU.Build.0 = Debug|Any CPU
		{F2294F10-349B-4AFA-9D6C-755B928DBE47}.Release|Any CPU.ActiveCfg = Release|Any CPU
		{F2294F10-349B-4AFA-9D6C-755B928DBE47}.Release|Any CPU.Build.0 = Release|Any CPU
		{A2F28F96-9128-47B8-8826-5CC90FA11A01}.Debug|Any CPU.ActiveCfg = Debug|Any CPU
		{A2F28F96-9128-47B8-8826-5CC90FA11A01}.Debug|Any CPU.Build.0 = Debug|Any CPU
		{A2F28F96-9128-47B8-8826-5CC90FA11A01}.Release|Any CPU.ActiveCfg = Release|Any CPU
		{A2F28F96-9128-47B8-8826-5CC90FA11A01}.Release|Any CPU.Build.0 = Release|Any CPU
		{15BE0149-B9D7-4381-8EEC-FF54C9B9CF97}.Debug|Any CPU.ActiveCfg = Debug|Any CPU
		{15BE0149-B9D7-4381-8EEC-FF54C9B9CF97}.Debug|Any CPU.Build.0 = Debug|Any CPU
		{15BE0149-B9D7-4381-8EEC-FF54C9B9CF97}.Release|Any CPU.ActiveCfg = Release|Any CPU
		{15BE0149-B9D7-4381-8EEC-FF54C9B9CF97}.Release|Any CPU.Build.0 = Release|Any CPU
		{CC6DC856-F937-46E3-8E9F-D654C79C9CD1}.Debug|Any CPU.ActiveCfg = Debug|Any CPU
		{CC6DC856-F937-46E3-8E9F-D654C79C9CD1}.Debug|Any CPU.Build.0 = Debug|Any CPU
		{CC6DC856-F937-46E3-8E9F-D654C79C9CD1}.Release|Any CPU.ActiveCfg = Release|Any CPU
		{CC6DC856-F937-46E3-8E9F-D654C79C9CD1}.Release|Any CPU.Build.0 = Release|Any CPU
		{8172A48A-BF3C-4B2E-A9A7-BE1905C82A29}.Debug|Any CPU.ActiveCfg = Debug|Any CPU
		{8172A48A-BF3C-4B2E-A9A7-BE1905C82A29}.Debug|Any CPU.Build.0 = Debug|Any CPU
		{8172A48A-BF3C-4B2E-A9A7-BE1905C82A29}.Release|Any CPU.ActiveCfg = Release|Any CPU
		{8172A48A-BF3C-4B2E-A9A7-BE1905C82A29}.Release|Any CPU.Build.0 = Release|Any CPU
		{4353576B-233E-4E92-A9AE-535A0EBC4995}.Debug|Any CPU.ActiveCfg = Debug|Any CPU
		{4353576B-233E-4E92-A9AE-535A0EBC4995}.Debug|Any CPU.Build.0 = Debug|Any CPU
		{4353576B-233E-4E92-A9AE-535A0EBC4995}.Release|Any CPU.ActiveCfg = Release|Any CPU
		{4353576B-233E-4E92-A9AE-535A0EBC4995}.Release|Any CPU.Build.0 = Release|Any CPU
	EndGlobalSection
	GlobalSection(SolutionProperties) = preSolution
		HideSolutionNode = FALSE
	EndGlobalSection
	GlobalSection(NestedProjects) = preSolution
		{F2294F10-349B-4AFA-9D6C-755B928DBE47} = {530CF896-79B4-4B7F-A02B-F5E14CADAA02}
		{A2F28F96-9128-47B8-8826-5CC90FA11A01} = {530CF896-79B4-4B7F-A02B-F5E14CADAA02}
		{15BE0149-B9D7-4381-8EEC-FF54C9B9CF97} = {530CF896-79B4-4B7F-A02B-F5E14CADAA02}
		{CC6DC856-F937-46E3-8E9F-D654C79C9CD1} = {530CF896-79B4-4B7F-A02B-F5E14CADAA02}
		{8172A48A-BF3C-4B2E-A9A7-BE1905C82A29} = {530CF896-79B4-4B7F-A02B-F5E14CADAA02}
		{4353576B-233E-4E92-A9AE-535A0EBC4995} = {21E25F2B-61A0-4B4D-A607-A07D12E2396F}
	EndGlobalSection
	GlobalSection(ExtensibilityGlobals) = postSolution
		SolutionGuid = {3FE9B6F9-9ACD-4A16-BFB5-59FA790A3AA7}
	EndGlobalSection
EndGlobal
